
Microsoft Visual Studio Solution File, Format Version 12.00
# Visual Studio Version 17
VisualStudioVersion = 17.11.35222.181
MinimumVisualStudioVersion = 10.0.40219.1
Project("{FAE04EC0-301F-11D3-BF4B-00C04F79EFBC}") = "StudentRegistrationForm", "StudentRegistrationForm\StudentRegistrationForm.csproj", "{473E5D59-62D5-42CE-93F5-D1B4438345E2}"
EndProject
Global
	GlobalSection(SolutionConfigurationPlatforms) = preSolution
		Debug|Any CPU = Debug|Any CPU
		Release|Any CPU = Release|Any CPU
	EndGlobalSection
	GlobalSection(ProjectConfigurationPlatforms) = postSolution
		{473E5D59-62D5-42CE-93F5-D1B4438345E2}.Debug|Any CPU.ActiveCfg = Debug|Any CPU
		{473E5D59-62D5-42CE-93F5-D1B4438345E2}.Debug|Any CPU.Build.0 = Debug|Any CPU
		{473E5D59-62D5-42CE-93F5-D1B4438345E2}.Release|Any CPU.ActiveCfg = Release|Any CPU
		{473E5D59-62D5-42CE-93F5-D1B4438345E2}.Release|Any CPU.Build.0 = Release|Any CPU
	EndGlobalSection
	GlobalSection(SolutionProperties) = preSolution
		HideSolutionNode = FALSE
	EndGlobalSection
	GlobalSection(ExtensibilityGlobals) = postSolution
		SolutionGuid = {2CA7788C-0D10-47A7-89A6-556E41DFB84D}
	EndGlobalSection
EndGlobal
